PODS:
  - Sourcery (1.6.0)
  - SwiftyMocky (4.1.0):
    - Sourcery (= 1.6.0)

DEPENDENCIES:
  - SwiftyMocky

SPEC REPOS:
  trunk:
    - Sourcery
    - SwiftyMocky

SPEC CHECKSUMS:
  Sourcery: 744f43178637c79bf23127dfe34e2103b3f28499
  SwiftyMocky: 014739247afadb65efb5bb92ede32c22b9365762

PODFILE CHECKSUM: 71051143d4318389eaa024b1db8eae0eba5cb4fd

COCOAPODS: 1.15.2
